
Microsoft Visual Studio Solution File, Format Version 12.00
# Visual Studio Version 16
VisualStudioVersion = 16.0.31829.152
MinimumVisualStudioVersion = 10.0.40219.1
Project("{FAE04EC0-301F-11D3-BF4B-00C04F79EFBC}") = "ChainCertificate", "ChainCertificate\ChainCertificate.csproj", "{A7E043FB-1F95-47DB-A21A-444CDD0361B9}"
EndProject
Global
	GlobalSection(SolutionConfigurationPlatforms) = preSolution
		Debug|Any CPU = Debug|Any CPU
		Release|Any CPU = Release|Any CPU
	EndGlobalSection
	GlobalSection(ProjectConfigurationPlatforms) = postSolution
		{A7E043FB-1F95-47DB-A21A-444CDD0361B9}.Debug|Any CPU.ActiveCfg = Debug|Any CPU
		{A7E043FB-1F95-47DB-A21A-444CDD0361B9}.Debug|Any CPU.Build.0 = Debug|Any CPU
		{A7E043FB-1F95-47DB-A21A-444CDD0361B9}.Release|Any CPU.ActiveCfg = Release|Any CPU
		{A7E043FB-1F95-47DB-A21A-444CDD0361B9}.Release|Any CPU.Build.0 = Release|Any CPU
	EndGlobalSection
	GlobalSection(SolutionProperties) = preSolution
		HideSolutionNode = FALSE
	EndGlobalSection
	GlobalSection(ExtensibilityGlobals) = postSolution
		SolutionGuid = {B504B6DE-D488-4967-8C2F-8A612B5D731D}
	EndGlobalSection
EndGlobal
